
Microsoft Visual Studio Solution File, Format Version 12.00
# Visual Studio Version 17
VisualStudioVersion = 17.1.32210.238
MinimumVisualStudioVersion = 10.0.40219.1
Project("{9A19103F-16F7-4668-BE54-9A1E7A4F7556}") = "FQL.Filters.Linq.Tests", "FQL.Filters.Linq.Tests\FQL.Filters.Linq.Tests.csproj", "{A7A5DADD-C079-447C-A066-82A5847907A7}"
EndProject
Project("{9A19103F-16F7-4668-BE54-9A1E7A4F7556}") = "FQL.Filters.Linq", "FQL.Filters.Linq\FQL.Filters.Linq.csproj", "{3EA47A0B-DC1D-4C08-9406-9C2BCB135B8C}"
EndProject
Global
	GlobalSection(SolutionConfigurationPlatforms) = preSolution
		Debug|Any CPU = Debug|Any CPU
		Release|Any CPU = Release|Any CPU
	EndGlobalSection
	GlobalSection(ProjectConfigurationPlatforms) = postSolution
		{A7A5DADD-C079-447C-A066-82A5847907A7}.Debug|Any CPU.ActiveCfg = Debug|Any CPU
		{A7A5DADD-C079-447C-A066-82A5847907A7}.Debug|Any CPU.Build.0 = Debug|Any CPU
		{A7A5DADD-C079-447C-A066-82A5847907A7}.Release|Any CPU.ActiveCfg = Release|Any CPU
		{A7A5DADD-C079-447C-A066-82A5847907A7}.Release|Any CPU.Build.0 = Release|Any CPU
		{3EA47A0B-DC1D-4C08-9406-9C2BCB135B8C}.Debug|Any CPU.ActiveCfg = Debug|Any CPU
		{3EA47A0B-DC1D-4C08-9406-9C2BCB135B8C}.Debug|Any CPU.Build.0 = Debug|Any CPU
		{3EA47A0B-DC1D-4C08-9406-9C2BCB135B8C}.Release|Any CPU.ActiveCfg = Release|Any CPU
		{3EA47A0B-DC1D-4C08-9406-9C2BCB135B8C}.Release|Any CPU.Build.0 = Release|Any CPU
	EndGlobalSection
	GlobalSection(SolutionProperties) = preSolution
		HideSolutionNode = FALSE
	EndGlobalSection
	GlobalSection(ExtensibilityGlobals) = postSolution
		SolutionGuid = {E0F5842D-4B56-41F6-874B-06B77FC374CB}
	EndGlobalSection
EndGlobal
